PODS:
  - Alamofire (4.9.1)
  - CCBottomRefreshControl (0.5.2)
  - DZNEmptyDataSet (1.8.1)
  - EasyTipView (2.1.0)
  - FDFullscreenPopGesture (1.1)
  - Fuzi (3.1.3)
  - IQKeyboardManagerSwift (6.5.10)
  - Kingfisher (7.4.1)
  - MobileVLCKit (3.3.17)
  - PINCache (3.0.3):
    - PINCache/Arc-exception-safe (= 3.0.3)
    - PINCache/Core (= 3.0.3)
  - PINCache/Arc-exception-safe (3.0.3):
    - PINCache/Core
  - PINCache/Core (3.0.3):
    - PINOperation (~> 1.2.1)
  - PINOperation (1.2.2)
  - PINRemoteImage/Core (3.0.3):
    - PINOperation
  - PINRemoteImage/iOS (3.0.3):
    - PINRemoteImage/Core
  - PINRemoteImage/PINCache (3.0.3):
    - PINCache (~> 3.0.3)
    - PINRemoteImage/Core
  - Realm (10.33.0):
    - Realm/Headers (= 10.33.0)
  - Realm/Headers (10.33.0)
  - RealmSwift (10.33.0):
    - Realm (= 10.33.0)
  - Reveal-SDK (41)
  - Texture (3.1.0):
    - Texture/AssetsLibrary (= 3.1.0)
    - Texture/Core (= 3.1.0)
    - Texture/MapKit (= 3.1.0)
    - Texture/Photos (= 3.1.0)
    - Texture/PINRemoteImage (= 3.1.0)
    - Texture/Video (= 3.1.0)
  - Texture/AssetsLibrary (3.1.0):
    - Texture/Core
  - Texture/Core (3.1.0)
  - Texture/MapKit (3.1.0):
    - Texture/Core
  - Texture/Photos (3.1.0):
    - Texture/Core
  - Texture/PINRemoteImage (3.1.0):
    - PINRemoteImage/iOS (~> 3.0.0)
    - PINRemoteImage/PINCache
    - Texture/Core
  - Texture/Video (3.1.0):
    - Texture/Core
  - TUSafariActivity (1.0.4)
  - YYText (1.0.7)

DEPENDENCIES:
  - Alamofire (~> 4.0)
  - CCBottomRefreshControl (~> 0.5.2)
  - DZNEmptyDataSet (~> 1.8.1)
  - EasyTipView (~> 2.1.0)
  - FDFullscreenPopGesture (~> 1.1)
  - Fuzi (~> 3.1.3)
  - IQKeyboardManagerSwift (~> 6.5.10)
  - Kingfisher (~> 7.4.1)
  - MobileVLCKit (~> 3.3.0)
  - RealmSwift (~> 10.33.0)
  - Reveal-SDK
  - Texture (~> 3.1.0)
  - TUSafariActivity (~> 1.0)
  - YYText (~> 1.0.7)

SPEC REPOS:
  trunk:
    - Alamofire
    - CCBottomRefreshControl
    - DZNEmptyDataSet
    - EasyTipView
    - FDFullscreenPopGesture
    - Fuzi
    - IQKeyboardManagerSwift
    - Kingfisher
    - MobileVLCKit
    - PINCache
    - PINOperation
    - PINRemoteImage
    - Realm
    - RealmSwift
    - Reveal-SDK
    - Texture
    - TUSafariActivity
    - YYText

SPEC CHECKSUMS:
  Alamofire: 85e8a02c69d6020a0d734f6054870d7ecb75cf18
  CCBottomRefreshControl: 389780b4488321c91d18f66a6da5ef9606df6de5
  DZNEmptyDataSet: 9525833b9e68ac21c30253e1d3d7076cc828eaa7
  EasyTipView: a92b6edc377b81c5ac18e9fd35d5ee78e9409488
  FDFullscreenPopGesture: a8a620179e3d9c40e8e00256dcee1c1a27c6d0f0
  Fuzi: 4c10d6449c0b49a85cd75b13844c559c0fc71220
  IQKeyboardManagerSwift: 52962c76ab33532f15ad9f3ff4e5715eda5335bb
  Kingfisher: cd762a593a61b2fbecf7645c00f9a801a3ebfc9c
  MobileVLCKit: c5dd1b0ae933dc9c2348099840e753496dcdd908
  PINCache: 7a8fc1a691173d21dbddbf86cd515de6efa55086
  PINOperation: daa34d4aa1d8449089be7d405b9d974abc4724c6
  PINRemoteImage: f1295b29f8c5e640e25335a1b2bd9d805171bd01
  Realm: d4f810e161fa2c2c589b9860b6eb09238deacd73
  RealmSwift: cef9946f09f2333a8f2ac8bac4f8de52fb9f5ac3
  Reveal-SDK: c33a66072cd9ac5f3e6fb94984743ab5f3057d28
  Texture: 2e8ab2519452515f7f5a520f5a8f7e0a413abfa3
  TUSafariActivity: afc55a00965377939107ce4fdc7f951f62454546
  YYText: 5c461d709e24d55a182d1441c41dc639a18a4849

PODFILE CHECKSUM: 218924989250d608a72f42994785d77a3f8626c8

COCOAPODS: 1.11.3
